
Microsoft Visual Studio Solution File, Format Version 12.00
# Visual Studio Version 17
VisualStudioVersion = 17.6.33829.357
MinimumVisualStudioVersion = 10.0.40219.1
Project("{8BC9CEB8-8B4A-11D0-8D11-00A0C91BC942}") = "HW_COntactApp", "HW_COntactApp.vcxproj", "{CF1D6CD8-2152-4629-8C9D-5C9CADEED3D7}"
EndProject
Global
	GlobalSection(SolutionConfigurationPlatforms) = preSolution
		Debug|x64 = Debug|x64
		Debug|x86 = Debug|x86
		Release|x64 = Release|x64
		Release|x86 = Release|x86
	EndGlobalSection
	GlobalSection(ProjectConfigurationPlatforms) = postSolution
		{CF1D6CD8-2152-4629-8C9D-5C9CADEED3D7}.Debug|x64.ActiveCfg = Debug|x64
		{CF1D6CD8-2152-4629-8C9D-5C9CADEED3D7}.Debug|x64.Build.0 = Debug|x64
		{CF1D6CD8-2152-4629-8C9D-5C9CADEED3D7}.Debug|x86.ActiveCfg = Debug|Win32
		{CF1D6CD8-2152-4629-8C9D-5C9CADEED3D7}.Debug|x86.Build.0 = Debug|Win32
		{CF1D6CD8-2152-4629-8C9D-5C9CADEED3D7}.Release|x64.ActiveCfg = Release|x64
		{CF1D6CD8-2152-4629-8C9D-5C9CADEED3D7}.Release|x64.Build.0 = Release|x64
		{CF1D6CD8-2152-4629-8C9D-5C9CADEED3D7}.Release|x86.ActiveCfg = Release|Win32
		{CF1D6CD8-2152-4629-8C9D-5C9CADEED3D7}.Release|x86.Build.0 = Release|Win32
	EndGlobalSection
	GlobalSection(SolutionProperties) = preSolution
		HideSolutionNode = FALSE
	EndGlobalSection
	GlobalSection(ExtensibilityGlobals) = postSolution
		SolutionGuid = {C6F4F86F-0B19-494E-9F7B-7F02BEEB7467}
	EndGlobalSection
EndGlobal
